// !$*UTF8*$!
{
	archiveVersion = 1;
	classes = {
	};
	objectVersion = 50;
	objects = {

/* Begin PBXBuildFile section */
		9AD5FA452423CD20000567F4 /* AppDelegate.swift in Sources */ = {isa = PBXBuildFile; fileRef = 9AD5FA442423CD20000567F4 /* AppDelegate.swift */; };
		9AD5FA472423CD20000567F4 /* SceneDelegate.swift in Sources */ = {isa = PBXBuildFile; fileRef = 9AD5FA462423CD20000567F4 /* SceneDelegate.swift */; };
		9AD5FA492423CD20000567F4 /* CheckoutViewController.swift in Sources */ = {isa = PBXBuildFile; fileRef = 9AD5FA482423CD20000567F4 /* CheckoutViewController.swift */; };
		9AD5FA4C2423CD20000567F4 /* Main.storyboard in Resources */ = {isa = PBXBuildFile; fileRef = 9AD5FA4A2423CD20000567F4 /* Main.storyboard */; };
		9AD5FA4E2423CD25000567F4 /* Assets.xcassets in Resources */ = {isa = PBXBuildFile; fileRef = 9AD5FA4D2423CD25000567F4 /* Assets.xcassets */; };
		9AD5FA512423CD25000567F4 /* LaunchScreen.storyboard in Resources */ = {isa = PBXBuildFile; fileRef = 9AD5FA4F2423CD25000567F4 /* LaunchScreen.storyboard */; };
		9AD5FA612423D9A8000567F4 /* CheckoutViewModel.swift in Sources */ = {isa = PBXBuildFile; fileRef = 9AD5FA602423D9A8000567F4 /* CheckoutViewModel.swift */; };
		9AD5FA632423E009000567F4 /* Product.swift in Sources */ = {isa = PBXBuildFile; fileRef = 9AD5FA622423E009000567F4 /* Product.swift */; };
/* End PBXBuildFile section */

/* Begin PBXFileReference section */
		9AD5FA412423CD20000567F4 /* Bofin.app */ = {isa = PBXFileReference; explicitFileType = wrapper.application; includeInIndex = 0; path = Bofin.app; sourceTree = BUILT_PRODUCTS_DIR; };
		9AD5FA442423CD20000567F4 /* AppDelegate.swift */ = {isa = PBXFileReference; lastKnownFileType = sourcecode.swift; path = AppDelegate.swift; sourceTree = "<group>"; };
		9AD5FA462423CD20000567F4 /* SceneDelegate.swift */ = {isa = PBXFileReference; lastKnownFileType = sourcecode.swift; path = SceneDelegate.swift; sourceTree = "<group>"; };
		9AD5FA482423CD20000567F4 /* CheckoutViewController.swift */ = {isa = PBXFileReference; lastKnownFileType = sourcecode.swift; path = CheckoutViewController.swift; sourceTree = "<group>"; };
		9AD5FA4B2423CD20000567F4 /* Base */ = {isa = PBXFileReference; lastKnownFileType = file.storyboard; name = Base; path = Base.lproj/Main.storyboard; sourceTree = "<group>"; };
		9AD5FA4D2423CD25000567F4 /* Assets.xcassets */ = {isa = PBXFileReference; lastKnownFileType = folder.assetcatalog; path = Assets.xcassets; sourceTree = "<group>"; };
		9AD5FA502423CD25000567F4 /* Base */ = {isa = PBXFileReference; lastKnownFileType = file.storyboard; name = Base; path = Base.lproj/LaunchScreen.storyboard; sourceTree = "<group>"; };
		9AD5FA522423CD25000567F4 /* Info.plist */ = {isa = PBXFileReference; lastKnownFileType = text.plist.xml; path = Info.plist; sourceTree = "<group>"; };
		9AD5FA602423D9A8000567F4 /* CheckoutViewModel.swift */ = {isa = PBXFileReference; lastKnownFileType = sourcecode.swift; path = CheckoutViewModel.swift; sourceTree = "<group>"; };
		9AD5FA622423E009000567F4 /* Product.swift */ = {isa = PBXFileReference; lastKnownFileType = sourcecode.swift; path = Product.swift; sourceTree = "<group>"; };
/* End PBXFileReference section */

/* Begin PBXFrameworksBuildPhase section */
		9AD5FA3E2423CD20000567F4 /* Frameworks */ = {
			isa = PBXFrameworksBuildPhase;
			buildActionMask = 2147483647;
			files = (
			);
			runOnlyForDeploymentPostprocessing = 0;
		};
/* End PBXFrameworksBuildPhase section */

/* Begin PBXGroup section */
		9AD5FA382423CD20000567F4 = {
			isa = PBXGroup;
			children = (
				9AD5FA432423CD20000567F4 /* Bofin */,
				9AD5FA422423CD20000567F4 /* Products */,
			);
			sourceTree = "<group>";
		};
		9AD5FA422423CD20000567F4 /* Products */ = {
			isa = PBXGroup;
			children = (
				9AD5FA412423CD20000567F4 /* Bofin.app */,
			);
			name = Products;
			sourceTree = "<group>";
		};
		9AD5FA432423CD20000567F4 /* Bofin */ = {
			isa = PBXGroup;
			children = (
				9AD5FA442423CD20000567F4 /* AppDelegate.swift */,
				9AD5FA462423CD20000567F4 /* SceneDelegate.swift */,
				9AD5FA482423CD20000567F4 /* CheckoutViewController.swift */,
				9AD5FA602423D9A8000567F4 /* CheckoutViewModel.swift */,
				9AD5FA622423E009000567F4 /* Product.swift */,
				9AD5FA4A2423CD20000567F4 /* Main.storyboard */,
				9AD5FA4D2423CD25000567F4 /* Assets.xcassets */,
				9AD5FA4F2423CD25000567F4 /* LaunchScreen.storyboard */,
				9AD5FA522423CD25000567F4 /* Info.plist */,
			);
			path = Bofin;
			sourceTree = "<group>";
		};
/* End PBXGroup section */

/* Begin PBXNativeTarget section */
		9AD5FA402423CD20000567F4 /* Bofin */ = {
			isa = PBXNativeTarget;
			buildConfigurationList = 9AD5FA552423CD25000567F4 /* Build configuration list for PBXNativeTarget "Bofin" */;
			buildPhases = (
				9AD5FA3D2423CD20000567F4 /* Sources */,
				9AD5FA3E2423CD20000567F4 /* Frameworks */,
				9AD5FA3F2423CD20000567F4 /* Resources */,
			);
			buildRules = (
			);
			dependencies = (
			);
			name = Bofin;
			productName = Bofin;
			productReference = 9AD5FA412423CD20000567F4 /* Bofin.app */;
			productType = "com.apple.product-type.application";
		};
/* End PBXNativeTarget section */

/* Begin PBXProject section */
		9AD5FA392423CD20000567F4 /* Project object */ = {
			isa = PBXProject;
			attributes = {
				LastSwiftUpdateCheck = 1130;
				LastUpgradeCheck = 1130;
				ORGANIZATIONNAME = marcelmierzejewski;
				TargetAttributes = {
					9AD5FA402423CD20000567F4 = {
						CreatedOnToolsVersion = 11.3;
					};
				};
			};
			buildConfigurationList = 9AD5FA3C2423CD20000567F4 /* Build configuration list for PBXProject "Bofin" */;
			compatibilityVersion = "Xcode 9.3";
			developmentRegion = en;
			hasScannedForEncodings = 0;
			knownRegions = (
				en,
				Base,
			);
			mainGroup = 9AD5FA382423CD20000567F4;
			productRefGroup = 9AD5FA422423CD20000567F4 /* Products */;
			projectDirPath = "";
			projectRoot = "";
			targets = (
				9AD5FA402423CD20000567F4 /* Bofin */,
			);
		};
/* End PBXProject section */

/* Begin PBXResourcesBuildPhase section */
		9AD5FA3F2423CD20000567F4 /* Resources */ = {
			isa = PBXResourcesBuildPhase;
			buildActionMask = 2147483647;
			files = (
				9AD5FA512423CD25000567F4 /* LaunchScreen.storyboard in Resources */,
				9AD5FA4E2423CD25000567F4 /* Assets.xcassets in Resources */,
				9AD5FA4C2423CD20000567F4 /* Main.storyboard in Resources */,
			);
			runOnlyForDeploymentPostprocessing = 0;
		};
/* End PBXResourcesBuildPhase section */

/* Begin PBXSourcesBuildPhase section */
		9AD5FA3D2423CD20000567F4 /* Sources */ = {
			isa = PBXSourcesBuildPhase;
			buildActionMask = 2147483647;
			files = (
				9AD5FA612423D9A8000567F4 /* CheckoutViewModel.swift in Sources */,
				9AD5FA492423CD20000567F4 /* CheckoutViewController.swift in Sources */,
				9AD5FA452423CD20000567F4 /* AppDelegate.swift in Sources */,
				9AD5FA472423CD20000567F4 /* SceneDelegate.swift in Sources */,
				9AD5FA632423E009000567F4 /* Product.swift in Sources */,
			);
			runOnlyForDeploymentPostprocessing = 0;
		};
/* End PBXSourcesBuildPhase section */

/* Begin PBXVariantGroup section */
		9AD5FA4A2423CD20000567F4 /* Main.storyboard */ = {
			isa = PBXVariantGroup;
			children = (
				9AD5FA4B2423CD20000567F4 /* Base */,
			);
			name = Main.storyboard;
			sourceTree = "<group>";
		};
		9AD5FA4F2423CD25000567F4 /* LaunchScreen.storyboard */ = {
			isa = PBXVariantGroup;
			children = (
				9AD5FA502423CD25000567F4 /* Base */,
			);
			name = LaunchScreen.storyboard;
			sourceTree = "<group>";
		};
/* End PBXVariantGroup section */

/* Begin XCBuildConfiguration section */
		9AD5FA532423CD25000567F4 /* Debug */ = {
			isa = XCBuildConfiguration;
			buildSettings = {
				ALWAYS_SEARCH_USER_PATHS = NO;
				CLANG_ANALYZER_NONNULL = YES;
				CLANG_ANALYZER_NUMBER_OBJECT_CONVERSION = YES_AGGRESSIVE;
				CLANG_CXX_LANGUAGE_STANDARD = "gnu++14";
				CLANG_CXX_LIBRARY = "libc++";
				CLANG_ENABLE_MODULES = YES;
				CLANG_ENABLE_OBJC_ARC = YES;
				CLANG_ENABLE_OBJC_WEAK = YES;
				CLANG_WARN_BLOCK_CAPTURE_AUTORELEASING = YES;
				CLANG_WARN_BOOL_CONVERSION = YES;
				CLANG_WARN_COMMA = YES;
				CLANG_WARN_CONSTANT_CONVERSION = YES;
				CLANG_WARN_DEPRECATED_OBJC_IMPLEMENTATIONS = YES;
				CLANG_WARN_DIRECT_OBJC_ISA_USAGE = YES_ERROR;
				CLANG_WARN_DOCUMENTATION_COMMENTS = YES;
				CLANG_WARN_EMPTY_BODY = YES;
				CLANG_WARN_ENUM_CONVERSION = YES;
				CLANG_WARN_INFINITE_RECURSION = YES;
				CLANG_WARN_INT_CONVERSION = YES;
				CLANG_WARN_NON_LITERAL_NULL_CONVERSION = YES;
				CLANG_WARN_OBJC_IMPLICIT_RETAIN_SELF = YES;
				CLANG_WARN_OBJC_LITERAL_CONVERSION = YES;
				CLANG_WARN_OBJC_ROOT_CLASS = YES_ERROR;
				CLANG_WARN_RANGE_LOOP_ANALYSIS = YES;
				CLANG_WARN_STRICT_PROTOTYPES = YES;
				CLANG_WARN_SUSPICIOUS_MOVE = YES;
				CLANG_WARN_UNGUARDED_AVAILABILITY = YES_AGGRESSIVE;
				CLANG_WARN_UNREACHABLE_CODE = YES;
				CLANG_WARN__DUPLICATE_METHOD_MATCH = YES;
				COPY_PHASE_STRIP = NO;
				DEBUG_INFORMATION_FORMAT = dwarf;
				ENABLE_STRICT_OBJC_MSGSEND = YES;
				ENABLE_TESTABILITY = YES;
				GCC_C_LANGUAGE_STANDARD = gnu11;
				GCC_DYNAMIC_NO_PIC = NO;
				GCC_NO_COMMON_BLOCKS = YES;
				GCC_OPTIMIZATION_LEVEL = 0;
				GCC_PREPROCESSOR_DEFINITIONS = (
					"DEBUG=1",
					"$(inherited)",
				);
				GCC_WARN_64_TO_32_BIT_CONVERSION = YES;
				GCC_WARN_ABOUT_RETURN_TYPE = YES_ERROR;
				GCC_WARN_UNDECLARED_SELECTOR = YES;
				GCC_WARN_UNINITIALIZED_AUTOS = YES_AGGRESSIVE;
				GCC_WARN_UNUSED_FUNCTION = YES;
				GCC_WARN_UNUSED_VARIABLE = YES;
				IPHONEOS_DEPLOYMENT_TARGET = 13.2;
				MTL_ENABLE_DEBUG_INFO = INCLUDE_SOURCE;
				MTL_FAST_MATH = YES;
				ONLY_ACTIVE_ARCH = YES;
				SDKROOT = iphoneos;
				SWIFT_ACTIVE_COMPILATION_CONDITIONS = DEBUG;
				SWIFT_OPTIMIZATION_LEVEL = "-Onone";
			};
			name = Debug;
		};
		9AD5FA542423CD25000567F4 /* Release */ = {
			isa = XCBuildConfiguration;
			buildSettings = {
				ALWAYS_SEARCH_USER_PATHS = NO;
				CLANG_ANALYZER_NONNULL = YES;
				CLANG_ANALYZER_NUMBER_OBJECT_CONVERSION = YES_AGGRESSIVE;
				CLANG_CXX_LANGUAGE_STANDARD = "gnu++14";
				CLANG_CXX_LIBRARY = "libc++";
				CLANG_ENABLE_MODULES = YES;
				CLANG_ENABLE_OBJC_ARC = YES;
				CLANG_ENABLE_OBJC_WEAK = YES;
				CLANG_WARN_BLOCK_CAPTURE_AUTORELEASING = YES;
				CLANG_WARN_BOOL_CONVERSION = YES;
				CLANG_WARN_COMMA = YES;
				CLANG_WARN_CONSTANT_CONVERSION = YES;
				CLANG_WARN_DEPRECATED_OBJC_IMPLEMENTATIONS = YES;
				CLANG_WARN_DIRECT_OBJC_ISA_USAGE = YES_ERROR;
				CLANG_WARN_DOCUMENTATION_COMMENTS = YES;
				CLANG_WARN_EMPTY_BODY = YES;
				CLANG_WARN_ENUM_CONVERSION = YES;
				CLANG_WARN_INFINITE_RECURSION = YES;
				CLANG_WARN_INT_CONVERSION = YES;
				CLANG_WARN_NON_LITERAL_NULL_CONVERSION = YES;
				CLANG_WARN_OBJC_IMPLICIT_RETAIN_SELF = YES;
				CLANG_WARN_OBJC_LITERAL_CONVERSION = YES;
				CLANG_WARN_OBJC_ROOT_CLASS = YES_ERROR;
				CLANG_WARN_RANGE_LOOP_ANALYSIS = YES;
				CLANG_WARN_STRICT_PROTOTYPES = YES;
				CLANG_WARN_SUSPICIOUS_MOVE = YES;
				CLANG_WARN_UNGUARDED_AVAILABILITY = YES_AGGRESSIVE;
				CLANG_WARN_UNREACHABLE_CODE = YES;
				CLANG_WARN__DUPLICATE_METHOD_MATCH = YES;
				COPY_PHASE_STRIP = NO;
				DEBUG_INFORMATION_FORMAT = "dwarf-with-dsym";
				ENABLE_NS_ASSERTIONS = NO;
				ENABLE_STRICT_OBJC_MSGSEND = YES;
				GCC_C_LANGUAGE_STANDARD = gnu11;
				GCC_NO_COMMON_BLOCKS = YES;
				GCC_WARN_64_TO_32_BIT_CONVERSION = YES;
				GCC_WARN_ABOUT_RETURN_TYPE = YES_ERROR;
				GCC_WARN_UNDECLARED_SELECTOR = YES;
				GCC_WARN_UNINITIALIZED_AUTOS = YES_AGGRESSIVE;
				GCC_WARN_UNUSED_FUNCTION = YES;
				GCC_WARN_UNUSED_VARIABLE = YES;
				IPHONEOS_DEPLOYMENT_TARGET = 13.2;
				MTL_ENABLE_DEBUG_INFO = NO;
				MTL_FAST_MATH = YES;
				SDKROOT = iphoneos;
				SWIFT_COMPILATION_MODE = wholemodule;
				SWIFT_OPTIMIZATION_LEVEL = "-O";
				VALIDATE_PRODUCT = YES;
			};
			name = Release;
		};
		9AD5FA562423CD25000567F4 /* Debug */ = {
			isa = XCBuildConfiguration;
			buildSettings = {
				ASSETCATALOG_COMPILER_APPICON_NAME = AppIcon;
				CODE_SIGN_STYLE = Automatic;
				DEVELOPMENT_TEAM = ABYEABN4N4;
				INFOPLIST_FILE = Bofin/Info.plist;
				LD_RUNPATH_SEARCH_PATHS = (
					"$(inherited)",
					"@executable_path/Frameworks",
				);
				PRODUCT_BUNDLE_IDENTIFIER = com.marcelmierzejewski.Bofin;
				PRODUCT_NAME = "$(TARGET_NAME)";
				SWIFT_VERSION = 5.0;
				TARGETED_DEVICE_FAMILY = "1,2";
			};
			name = Debug;
		};
		9AD5FA572423CD25000567F4 /* Release */ = {
			isa = XCBuildConfiguration;
			buildSettings = {
				ASSETCATALOG_COMPILER_APPICON_NAME = AppIcon;
				CODE_SIGN_STYLE = Automatic;
				DEVELOPMENT_TEAM = ABYEABN4N4;
				INFOPLIST_FILE = Bofin/Info.plist;
				LD_RUNPATH_SEARCH_PATHS = (
					"$(inherited)",
					"@executable_path/Frameworks",
				);
				PRODUCT_BUNDLE_IDENTIFIER = com.marcelmierzejewski.Bofin;
				PRODUCT_NAME = "$(TARGET_NAME)";
				SWIFT_VERSION = 5.0;
				TARGETED_DEVICE_FAMILY = "1,2";
			};
			name = Release;
		};
/* End XCBuildConfiguration section */

/* Begin XCConfigurationList section */
		9AD5FA3C2423CD20000567F4 /* Build configuration list for PBXProject "Bofin" */ = {
			isa = XCConfigurationList;
			buildConfigurations = (
				9AD5FA532423CD25000567F4 /* Debug */,
				9AD5FA542423CD25000567F4 /* Release */,
			);
			defaultConfigurationIsVisible = 0;
			defaultConfigurationName = Release;
		};
		9AD5FA552423CD25000567F4 /* Build configuration list for PBXNativeTarget "Bofin" */ = {
			isa = XCConfigurationList;
			buildConfigurations = (
				9AD5FA562423CD25000567F4 /* Debug */,
				9AD5FA572423CD25000567F4 /* Release */,
			);
			defaultConfigurationIsVisible = 0;
			defaultConfigurationName = Release;
		};
/* End XCConfigurationList section */
	};
	rootObject = 9AD5FA392423CD20000567F4 /* Project object */;
}
